
Microsoft Visual Studio Solution File, Format Version 12.00
# Visual Studio Version 17
VisualStudioVersion = 17.2.32602.215
MinimumVisualStudioVersion = 10.0.40219.1
Project("{9A19103F-16F7-4668-BE54-9A1E7A4F7556}") = "IdentityJWT", "IdentityJWT\IdentityJWT.csproj", "{12DF7A14-C13C-4D46-ACB7-BB161FCFB4D6}"
EndProject
Project("{2150E333-8FDC-42A3-9474-1A3956D46DE8}") = "Solution Items", "Solution Items", "{E75C1FD9-C28A-4935-9B44-896FC74F4B65}"
	ProjectSection(SolutionItems) = preProject
		.editorconfig = .editorconfig
	EndProjectSection
EndProject
Global
	GlobalSection(SolutionConfigurationPlatforms) = preSolution
		Debug|Any CPU = Debug|Any CPU
		Release|Any CPU = Release|Any CPU
	EndGlobalSection
	GlobalSection(ProjectConfigurationPlatforms) = postSolution
		{12DF7A14-C13C-4D46-ACB7-BB161FCFB4D6}.Debug|Any CPU.ActiveCfg = Debug|Any CPU
		{12DF7A14-C13C-4D46-ACB7-BB161FCFB4D6}.Debug|Any CPU.Build.0 = Debug|Any CPU
		{12DF7A14-C13C-4D46-ACB7-BB161FCFB4D6}.Release|Any CPU.ActiveCfg = Release|Any CPU
		{12DF7A14-C13C-4D46-ACB7-BB161FCFB4D6}.Release|Any CPU.Build.0 = Release|Any CPU
	EndGlobalSection
	GlobalSection(SolutionProperties) = preSolution
		HideSolutionNode = FALSE
	EndGlobalSection
	GlobalSection(ExtensibilityGlobals) = postSolution
		SolutionGuid = {D8CB3C29-E9A7-4EB1-AED4-7CA9DB1EA8B7}
	EndGlobalSection
EndGlobal
